
Microsoft Visual Studio Solution File, Format Version 12.00
# Visual Studio 14
VisualStudioVersion = 14.0.25420.1
MinimumVisualStudioVersion = 10.0.40219.1
Project("{FAE04EC0-301F-11D3-BF4B-00C04F79EFBC}") = "SamanageAPI", "SamanageAPI\SamanageAPI.csproj", "{927C253A-66F2-4C2F-82B2-ABD5819CB7F9}"
EndProject
Project("{FAE04EC0-301F-11D3-BF4B-00C04F79EFBC}") = "SamanageAPIUnitTests", "SamanageAPIUnitTests\SamanageAPIUnitTests.csproj", "{18C140DE-9990-4F20-87D6-9B0F4E79CE1B}"
EndProject
Global
	GlobalSection(SolutionConfigurationPlatforms) = preSolution
		Debug|Any CPU = Debug|Any CPU
		Release|Any CPU = Release|Any CPU
	EndGlobalSection
	GlobalSection(ProjectConfigurationPlatforms) = postSolution
		{927C253A-66F2-4C2F-82B2-ABD5819CB7F9}.Debug|Any CPU.ActiveCfg = Debug|Any CPU
		{927C253A-66F2-4C2F-82B2-ABD5819CB7F9}.Debug|Any CPU.Build.0 = Debug|Any CPU
		{927C253A-66F2-4C2F-82B2-ABD5819CB7F9}.Release|Any CPU.ActiveCfg = Release|Any CPU
		{927C253A-66F2-4C2F-82B2-ABD5819CB7F9}.Release|Any CPU.Build.0 = Release|Any CPU
		{18C140DE-9990-4F20-87D6-9B0F4E79CE1B}.Debug|Any CPU.ActiveCfg = Debug|Any CPU
		{18C140DE-9990-4F20-87D6-9B0F4E79CE1B}.Debug|Any CPU.Build.0 = Debug|Any CPU
		{18C140DE-9990-4F20-87D6-9B0F4E79CE1B}.Release|Any CPU.ActiveCfg = Release|Any CPU
		{18C140DE-9990-4F20-87D6-9B0F4E79CE1B}.Release|Any CPU.Build.0 = Release|Any CPU
	EndGlobalSection
	GlobalSection(SolutionProperties) = preSolution
		HideSolutionNode = FALSE
	EndGlobalSection
EndGlobal
